
Microsoft Visual Studio Solution File, Format Version 12.00
# Visual Studio Version 17
VisualStudioVersion = 17.3.32901.215
MinimumVisualStudioVersion = 10.0.40219.1
Project("{FAE04EC0-301F-11D3-BF4B-00C04F79EFBC}") = "LibreriaDeClases", "LibreriaDeClases\LibreriaDeClases.csproj", "{EE383BFD-2823-4ADD-96B1-4B0107686B62}"
EndProject
Project("{FAE04EC0-301F-11D3-BF4B-00C04F79EFBC}") = "LibreriaDeClasesTests", "LibreriaDeClasesTests\LibreriaDeClasesTests.csproj", "{22011A52-FBC2-491E-919F-B1F5ECCFDA28}"
EndProject
Project("{FAE04EC0-301F-11D3-BF4B-00C04F79EFBC}") = "wwwTest", "wwwTest\wwwTest.csproj", "{D32FB919-3D73-43CE-9CDA-D54D7836A855}"
EndProject
Project("{FAE04EC0-301F-11D3-BF4B-00C04F79EFBC}") = "Data", "Data\Data.csproj", "{4A490F26-C83C-44CE-9A07-63430ADAF89F}"
EndProject
Project("{FAE04EC0-301F-11D3-BF4B-00C04F79EFBC}") = "DataTests", "DataTests\DataTests.csproj", "{4BC0EDE8-73CD-4284-9C42-63E2C6C501EF}"
EndProject
Project("{FAE04EC0-301F-11D3-BF4B-00C04F79EFBC}") = "www1", "www1\www1.csproj", "{0CBD879F-D258-4922-A1E1-B260679D7E01}"
EndProject
Global
	GlobalSection(SolutionConfigurationPlatforms) = preSolution
		Debug|Any CPU = Debug|Any CPU
		Release|Any CPU = Release|Any CPU
	EndGlobalSection
	GlobalSection(ProjectConfigurationPlatforms) = postSolution
		{EE383BFD-2823-4ADD-96B1-4B0107686B62}.Debug|Any CPU.ActiveCfg = Debug|Any CPU
		{EE383BFD-2823-4ADD-96B1-4B0107686B62}.Debug|Any CPU.Build.0 = Debug|Any CPU
		{EE383BFD-2823-4ADD-96B1-4B0107686B62}.Release|Any CPU.ActiveCfg = Release|Any CPU
		{EE383BFD-2823-4ADD-96B1-4B0107686B62}.Release|Any CPU.Build.0 = Release|Any CPU
		{22011A52-FBC2-491E-919F-B1F5ECCFDA28}.Debug|Any CPU.ActiveCfg = Debug|Any CPU
		{22011A52-FBC2-491E-919F-B1F5ECCFDA28}.Debug|Any CPU.Build.0 = Debug|Any CPU
		{22011A52-FBC2-491E-919F-B1F5ECCFDA28}.Release|Any CPU.ActiveCfg = Release|Any CPU
		{22011A52-FBC2-491E-919F-B1F5ECCFDA28}.Release|Any CPU.Build.0 = Release|Any CPU
		{D32FB919-3D73-43CE-9CDA-D54D7836A855}.Debug|Any CPU.ActiveCfg = Debug|Any CPU
		{D32FB919-3D73-43CE-9CDA-D54D7836A855}.Debug|Any CPU.Build.0 = Debug|Any CPU
		{D32FB919-3D73-43CE-9CDA-D54D7836A855}.Release|Any CPU.ActiveCfg = Release|Any CPU
		{D32FB919-3D73-43CE-9CDA-D54D7836A855}.Release|Any CPU.Build.0 = Release|Any CPU
		{4A490F26-C83C-44CE-9A07-63430ADAF89F}.Debug|Any CPU.ActiveCfg = Debug|Any CPU
		{4A490F26-C83C-44CE-9A07-63430ADAF89F}.Debug|Any CPU.Build.0 = Debug|Any CPU
		{4A490F26-C83C-44CE-9A07-63430ADAF89F}.Release|Any CPU.ActiveCfg = Release|Any CPU
		{4A490F26-C83C-44CE-9A07-63430ADAF89F}.Release|Any CPU.Build.0 = Release|Any CPU
		{4BC0EDE8-73CD-4284-9C42-63E2C6C501EF}.Debug|Any CPU.ActiveCfg = Debug|Any CPU
		{4BC0EDE8-73CD-4284-9C42-63E2C6C501EF}.Debug|Any CPU.Build.0 = Debug|Any CPU
		{4BC0EDE8-73CD-4284-9C42-63E2C6C501EF}.Release|Any CPU.ActiveCfg = Release|Any CPU
		{4BC0EDE8-73CD-4284-9C42-63E2C6C501EF}.Release|Any CPU.Build.0 = Release|Any CPU
		{0CBD879F-D258-4922-A1E1-B260679D7E01}.Debug|Any CPU.ActiveCfg = Debug|Any CPU
		{0CBD879F-D258-4922-A1E1-B260679D7E01}.Debug|Any CPU.Build.0 = Debug|Any CPU
		{0CBD879F-D258-4922-A1E1-B260679D7E01}.Release|Any CPU.ActiveCfg = Release|Any CPU
		{0CBD879F-D258-4922-A1E1-B260679D7E01}.Release|Any CPU.Build.0 = Release|Any CPU
	EndGlobalSection
	GlobalSection(SolutionProperties) = preSolution
		HideSolutionNode = FALSE
	EndGlobalSection
	GlobalSection(ExtensibilityGlobals) = postSolution
		SolutionGuid = {7903E3ED-DDF3-437B-8350-615240F23DFD}
	EndGlobalSection
EndGlobal
